
Microsoft Visual Studio Solution File, Format Version 12.00
# Visual Studio Version 16
VisualStudioVersion = 16.0.30621.155
MinimumVisualStudioVersion = 10.0.40219.1
Project("{9A19103F-16F7-4668-BE54-9A1E7A4F7556}") = "AoC1", "AoC1\AoC1.csproj", "{037AD19D-975C-4F12-ABDB-033432F6EE9F}"
EndProject
Project("{9A19103F-16F7-4668-BE54-9A1E7A4F7556}") = "AoC2", "AoC2\AoC2.csproj", "{ACF255C7-C3B5-4037-A601-F841379DFA19}"
EndProject
Project("{9A19103F-16F7-4668-BE54-9A1E7A4F7556}") = "AoC3", "AoC3\AoC3.csproj", "{5C5C8F8B-5C02-47F4-9B07-51E8A58BD084}"
EndProject
Project("{9A19103F-16F7-4668-BE54-9A1E7A4F7556}") = "AoC4", "AoC4\AoC4.csproj", "{5A117207-E883-433C-9B50-0F2D621252D3}"
EndProject
Project("{9A19103F-16F7-4668-BE54-9A1E7A4F7556}") = "AoC5", "AoC5\AoC5.csproj", "{C17354C8-F603-49C9-B7B5-A2DF755CC4EA}"
EndProject
Project("{9A19103F-16F7-4668-BE54-9A1E7A4F7556}") = "AoC4.Functions", "AoC4.Functions\AoC4.Functions.csproj", "{C02478B8-3CF4-45B6-AD01-73F5EF74B2BF}"
EndProject
Project("{9A19103F-16F7-4668-BE54-9A1E7A4F7556}") = "AoC4.Models", "AoC4.Models\AoC4.Models.csproj", "{481C989C-F4E0-4D4E-A8C3-FF403C6C26FC}"
EndProject
Project("{FAE04EC0-301F-11D3-BF4B-00C04F79EFBC}") = "AoC6", "AoC6\AoC6.csproj", "{D70B6A47-43E1-4C86-8A35-92CC15FB41B3}"
EndProject
Global
	GlobalSection(SolutionConfigurationPlatforms) = preSolution
		Debug|Any CPU = Debug|Any CPU
		Release|Any CPU = Release|Any CPU
	EndGlobalSection
	GlobalSection(ProjectConfigurationPlatforms) = postSolution
		{037AD19D-975C-4F12-ABDB-033432F6EE9F}.Debug|Any CPU.ActiveCfg = Debug|Any CPU
		{037AD19D-975C-4F12-ABDB-033432F6EE9F}.Debug|Any CPU.Build.0 = Debug|Any CPU
		{037AD19D-975C-4F12-ABDB-033432F6EE9F}.Release|Any CPU.ActiveCfg = Release|Any CPU
		{037AD19D-975C-4F12-ABDB-033432F6EE9F}.Release|Any CPU.Build.0 = Release|Any CPU
		{ACF255C7-C3B5-4037-A601-F841379DFA19}.Debug|Any CPU.ActiveCfg = Debug|Any CPU
		{ACF255C7-C3B5-4037-A601-F841379DFA19}.Debug|Any CPU.Build.0 = Debug|Any CPU
		{ACF255C7-C3B5-4037-A601-F841379DFA19}.Release|Any CPU.ActiveCfg = Release|Any CPU
		{ACF255C7-C3B5-4037-A601-F841379DFA19}.Release|Any CPU.Build.0 = Release|Any CPU
		{5C5C8F8B-5C02-47F4-9B07-51E8A58BD084}.Debug|Any CPU.ActiveCfg = Debug|Any CPU
		{5C5C8F8B-5C02-47F4-9B07-51E8A58BD084}.Debug|Any CPU.Build.0 = Debug|Any CPU
		{5C5C8F8B-5C02-47F4-9B07-51E8A58BD084}.Release|Any CPU.ActiveCfg = Release|Any CPU
		{5C5C8F8B-5C02-47F4-9B07-51E8A58BD084}.Release|Any CPU.Build.0 = Release|Any CPU
		{5A117207-E883-433C-9B50-0F2D621252D3}.Debug|Any CPU.ActiveCfg = Debug|Any CPU
		{5A117207-E883-433C-9B50-0F2D621252D3}.Debug|Any CPU.Build.0 = Debug|Any CPU
		{5A117207-E883-433C-9B50-0F2D621252D3}.Release|Any CPU.ActiveCfg = Release|Any CPU
		{5A117207-E883-433C-9B50-0F2D621252D3}.Release|Any CPU.Build.0 = Release|Any CPU
		{C17354C8-F603-49C9-B7B5-A2DF755CC4EA}.Debug|Any CPU.ActiveCfg = Debug|Any CPU
		{C17354C8-F603-49C9-B7B5-A2DF755CC4EA}.Debug|Any CPU.Build.0 = Debug|Any CPU
		{C17354C8-F603-49C9-B7B5-A2DF755CC4EA}.Release|Any CPU.ActiveCfg = Release|Any CPU
		{C17354C8-F603-49C9-B7B5-A2DF755CC4EA}.Release|Any CPU.Build.0 = Release|Any CPU
		{C02478B8-3CF4-45B6-AD01-73F5EF74B2BF}.Debug|Any CPU.ActiveCfg = Debug|Any CPU
		{C02478B8-3CF4-45B6-AD01-73F5EF74B2BF}.Debug|Any CPU.Build.0 = Debug|Any CPU
		{C02478B8-3CF4-45B6-AD01-73F5EF74B2BF}.Release|Any CPU.ActiveCfg = Release|Any CPU
		{C02478B8-3CF4-45B6-AD01-73F5EF74B2BF}.Release|Any CPU.Build.0 = Release|Any CPU
		{481C989C-F4E0-4D4E-A8C3-FF403C6C26FC}.Debug|Any CPU.ActiveCfg = Debug|Any CPU
		{481C989C-F4E0-4D4E-A8C3-FF403C6C26FC}.Debug|Any CPU.Build.0 = Debug|Any CPU
		{481C989C-F4E0-4D4E-A8C3-FF403C6C26FC}.Release|Any CPU.ActiveCfg = Release|Any CPU
		{481C989C-F4E0-4D4E-A8C3-FF403C6C26FC}.Release|Any CPU.Build.0 = Release|Any CPU
		{D70B6A47-43E1-4C86-8A35-92CC15FB41B3}.Debug|Any CPU.ActiveCfg = Debug|Any CPU
		{D70B6A47-43E1-4C86-8A35-92CC15FB41B3}.Debug|Any CPU.Build.0 = Debug|Any CPU
		{D70B6A47-43E1-4C86-8A35-92CC15FB41B3}.Release|Any CPU.ActiveCfg = Release|Any CPU
		{D70B6A47-43E1-4C86-8A35-92CC15FB41B3}.Release|Any CPU.Build.0 = Release|Any CPU
	EndGlobalSection
	GlobalSection(SolutionProperties) = preSolution
		HideSolutionNode = FALSE
	EndGlobalSection
	GlobalSection(ExtensibilityGlobals) = postSolution
		SolutionGuid = {B4B0D5BB-2423-4C40-88D3-20ABC413B70F}
	EndGlobalSection
EndGlobal
